{
    "name": "@pilot-things/node-red-contrib-pilot-things",
    "version": "1.0.0",
    "lockfileVersion": 1,
    "requires": true,
    "dependencies": {
        "base-64": {
            "version": "0.1.0",
            "resolved": "https://registry.npmjs.org/base-64/-/base-64-0.1.0.tgz",
            "integrity": "sha1-eAqZyE59YAJgNhURxId2E78k9rs="
        },
        "is-object": {
            "version": "1.0.1",
            "resolved": "https://registry.npmjs.org/is-object/-/is-object-1.0.1.tgz",
            "integrity": "sha1-iVJojF7C/9awPsyF52ngKQMINHA="
        },
        "is-string": {
            "version": "1.0.5",
            "resolved": "https://registry.npmjs.org/is-string/-/is-string-1.0.5.tgz",
            "integrity": "sha512-buY6VNRjhQMiF1qWDouloZlQbRhDPCebwxSjxMjxgemYT46YMd2NR0/H+fBhEfWX4A/w9TBJ+ol+okqJKFE6vQ=="
        },
        "node-fetch": {
            "version": "2.6.0",
            "resolved": "https://registry.npmjs.org/node-fetch/-/node-fetch-2.6.0.tgz",
            "integrity": "sha512-8dG4H5ujfvFiqDmVu9fQ5bOHUC15JMjMY/Zumv26oOvvVJjM67KF8koCWIabKQ1GJIa9r2mMZscBq/TbdOcmNA=="
        }
    }
}
